
Microsoft Visual Studio Solution File, Format Version 12.00
# Visual Studio 14
VisualStudioVersion = 14.0.25420.1
MinimumVisualStudioVersion = 10.0.40219.1
Project("{FAE04EC0-301F-11D3-BF4B-00C04F79EFBC}") = "test1", "test1\test1.csproj", "{82152EC2-9D24-4085-9024-1454ACBC7D95}"
EndProject
Project("{FAE04EC0-301F-11D3-BF4B-00C04F79EFBC}") = "Chapter 9 Problem 1", "Chapter 9 Problem 1\Chapter 9 Problem 1.csproj", "{CECAC292-4844-447A-99FD-4DDC5E35A90E}"
EndProject
Project("{FAE04EC0-301F-11D3-BF4B-00C04F79EFBC}") = "Simple Calculator", "..\Simple Calculator\Simple Calculator\Simple Calculator.csproj", "{ACCFBE73-6B4D-41D1-9DF5-01B468596495}"
EndProject
Project("{FAE04EC0-301F-11D3-BF4B-00C04F79EFBC}") = "Chapter 9 Problem 4", "Chapter 9 Problem 4\Chapter 9 Problem 4.csproj", "{76985F7D-63E0-49FC-9F06-83C1B3779DB3}"
EndProject
Project("{FAE04EC0-301F-11D3-BF4B-00C04F79EFBC}") = "Chapter 9 Problem 5", "Chapter 9 Problem 5\Chapter 9 Problem 5.csproj", "{27F6500B-297D-4850-88EE-0A2F70908CB4}"
EndProject
Project("{FAE04EC0-301F-11D3-BF4B-00C04F79EFBC}") = "Chapter 9 Problem 6", "Chapter 9 Problem 6\Chapter 9 Problem 6.csproj", "{2709CC9D-1E91-4060-84A6-B1E0D6E28156}"
EndProject
Project("{FAE04EC0-301F-11D3-BF4B-00C04F79EFBC}") = "Chapter 9 Problem 8", "Chapter 9 Problem 8\Chapter 9 Problem 8.csproj", "{69E23A6F-0B65-4942-B1A6-2133ADFCC545}"
EndProject
Project("{FAE04EC0-301F-11D3-BF4B-00C04F79EFBC}") = "Chapter 9 problem 10", "Chapter 9 problem 10\Chapter 9 problem 10.csproj", "{65D7A83D-09AF-4A30-91F3-033628072977}"
EndProject
Project("{FAE04EC0-301F-11D3-BF4B-00C04F79EFBC}") = "Chapter8Problem10", "Chapter8Problem10\Chapter8Problem10.csproj", "{52AAF04F-789C-4455-892D-6E1126E4A33C}"
EndProject
Project("{FAE04EC0-301F-11D3-BF4B-00C04F79EFBC}") = "Array Lab1", "Array Lab1\Array Lab1.csproj", "{85E72D17-5E76-4FF7-AB79-7FE4C8A908EB}"
EndProject
Global
	GlobalSection(SolutionConfigurationPlatforms) = preSolution
		Debug|Any CPU = Debug|Any CPU
		Release|Any CPU = Release|Any CPU
	EndGlobalSection
	GlobalSection(ProjectConfigurationPlatforms) = postSolution
		{82152EC2-9D24-4085-9024-1454ACBC7D95}.Debug|Any CPU.ActiveCfg = Debug|Any CPU
		{82152EC2-9D24-4085-9024-1454ACBC7D95}.Debug|Any CPU.Build.0 = Debug|Any CPU
		{82152EC2-9D24-4085-9024-1454ACBC7D95}.Release|Any CPU.ActiveCfg = Release|Any CPU
		{82152EC2-9D24-4085-9024-1454ACBC7D95}.Release|Any CPU.Build.0 = Release|Any CPU
		{CECAC292-4844-447A-99FD-4DDC5E35A90E}.Debug|Any CPU.ActiveCfg = Debug|Any CPU
		{CECAC292-4844-447A-99FD-4DDC5E35A90E}.Debug|Any CPU.Build.0 = Debug|Any CPU
		{CECAC292-4844-447A-99FD-4DDC5E35A90E}.Release|Any CPU.ActiveCfg = Release|Any CPU
		{CECAC292-4844-447A-99FD-4DDC5E35A90E}.Release|Any CPU.Build.0 = Release|Any CPU
		{ACCFBE73-6B4D-41D1-9DF5-01B468596495}.Debug|Any CPU.ActiveCfg = Debug|Any CPU
		{ACCFBE73-6B4D-41D1-9DF5-01B468596495}.Debug|Any CPU.Build.0 = Debug|Any CPU
		{ACCFBE73-6B4D-41D1-9DF5-01B468596495}.Release|Any CPU.ActiveCfg = Release|Any CPU
		{ACCFBE73-6B4D-41D1-9DF5-01B468596495}.Release|Any CPU.Build.0 = Release|Any CPU
		{76985F7D-63E0-49FC-9F06-83C1B3779DB3}.Debug|Any CPU.ActiveCfg = Debug|Any CPU
		{76985F7D-63E0-49FC-9F06-83C1B3779DB3}.Debug|Any CPU.Build.0 = Debug|Any CPU
		{76985F7D-63E0-49FC-9F06-83C1B3779DB3}.Release|Any CPU.ActiveCfg = Release|Any CPU
		{76985F7D-63E0-49FC-9F06-83C1B3779DB3}.Release|Any CPU.Build.0 = Release|Any CPU
		{27F6500B-297D-4850-88EE-0A2F70908CB4}.Debug|Any CPU.ActiveCfg = Debug|Any CPU
		{27F6500B-297D-4850-88EE-0A2F70908CB4}.Debug|Any CPU.Build.0 = Debug|Any CPU
		{27F6500B-297D-4850-88EE-0A2F70908CB4}.Release|Any CPU.ActiveCfg = Release|Any CPU
		{27F6500B-297D-4850-88EE-0A2F70908CB4}.Release|Any CPU.Build.0 = Release|Any CPU
		{2709CC9D-1E91-4060-84A6-B1E0D6E28156}.Debug|Any CPU.ActiveCfg = Debug|Any CPU
		{2709CC9D-1E91-4060-84A6-B1E0D6E28156}.Debug|Any CPU.Build.0 = Debug|Any CPU
		{2709CC9D-1E91-4060-84A6-B1E0D6E28156}.Release|Any CPU.ActiveCfg = Release|Any CPU
		{2709CC9D-1E91-4060-84A6-B1E0D6E28156}.Release|Any CPU.Build.0 = Release|Any CPU
		{69E23A6F-0B65-4942-B1A6-2133ADFCC545}.Debug|Any CPU.ActiveCfg = Debug|Any CPU
		{69E23A6F-0B65-4942-B1A6-2133ADFCC545}.Debug|Any CPU.Build.0 = Debug|Any CPU
		{69E23A6F-0B65-4942-B1A6-2133ADFCC545}.Release|Any CPU.ActiveCfg = Release|Any CPU
		{69E23A6F-0B65-4942-B1A6-2133ADFCC545}.Release|Any CPU.Build.0 = Release|Any CPU
		{65D7A83D-09AF-4A30-91F3-033628072977}.Debug|Any CPU.ActiveCfg = Debug|Any CPU
		{65D7A83D-09AF-4A30-91F3-033628072977}.Debug|Any CPU.Build.0 = Debug|Any CPU
		{65D7A83D-09AF-4A30-91F3-033628072977}.Release|Any CPU.ActiveCfg = Release|Any CPU
		{65D7A83D-09AF-4A30-91F3-033628072977}.Release|Any CPU.Build.0 = Release|Any CPU
		{52AAF04F-789C-4455-892D-6E1126E4A33C}.Debug|Any CPU.ActiveCfg = Debug|Any CPU
		{52AAF04F-789C-4455-892D-6E1126E4A33C}.Debug|Any CPU.Build.0 = Debug|Any CPU
		{52AAF04F-789C-4455-892D-6E1126E4A33C}.Release|Any CPU.ActiveCfg = Release|Any CPU
		{52AAF04F-789C-4455-892D-6E1126E4A33C}.Release|Any CPU.Build.0 = Release|Any CPU
		{85E72D17-5E76-4FF7-AB79-7FE4C8A908EB}.Debug|Any CPU.ActiveCfg = Debug|Any CPU
		{85E72D17-5E76-4FF7-AB79-7FE4C8A908EB}.Debug|Any CPU.Build.0 = Debug|Any CPU
		{85E72D17-5E76-4FF7-AB79-7FE4C8A908EB}.Release|Any CPU.ActiveCfg = Release|Any CPU
		{85E72D17-5E76-4FF7-AB79-7FE4C8A908EB}.Release|Any CPU.Build.0 = Release|Any CPU
	EndGlobalSection
	GlobalSection(SolutionProperties) = preSolution
		HideSolutionNode = FALSE
	EndGlobalSection
EndGlobal
